
Microsoft Visual Studio Solution File, Format Version 12.00
# Visual Studio Version 17
VisualStudioVersion = 17.6.33829.357
MinimumVisualStudioVersion = 10.0.40219.1
Project("{FAE04EC0-301F-11D3-BF4B-00C04F79EFBC}") = "convertidor", "convertidor\convertidor.csproj", "{8A751293-6487-45AB-87BB-534041E8F0EF}"
EndProject
Global
	GlobalSection(SolutionConfigurationPlatforms) = preSolution
		Debug|Any CPU = Debug|Any CPU
		Release|Any CPU = Release|Any CPU
	EndGlobalSection
	GlobalSection(ProjectConfigurationPlatforms) = postSolution
		{8A751293-6487-45AB-87BB-534041E8F0EF}.Debug|Any CPU.ActiveCfg = Debug|Any CPU
		{8A751293-6487-45AB-87BB-534041E8F0EF}.Debug|Any CPU.Build.0 = Debug|Any CPU
		{8A751293-6487-45AB-87BB-534041E8F0EF}.Release|Any CPU.ActiveCfg = Release|Any CPU
		{8A751293-6487-45AB-87BB-534041E8F0EF}.Release|Any CPU.Build.0 = Release|Any CPU
	EndGlobalSection
	GlobalSection(SolutionProperties) = preSolution
		HideSolutionNode = FALSE
	EndGlobalSection
	GlobalSection(ExtensibilityGlobals) = postSolution
		SolutionGuid = {0598DD65-995E-491F-86A8-0F493D2DC93D}
	EndGlobalSection
EndGlobal
